
Microsoft Visual Studio Solution File, Format Version 12.00
# Visual Studio 2015
Project("{FAE04EC0-301F-11D3-BF4B-00C04F79EFBC}") = "Partial Planner.CSharp", "Partial Planner.CSharp.csproj", "{239DB5F4-5F13-CBF7-320E-752518AD25AF}"
EndProject
Project("{FAE04EC0-301F-11D3-BF4B-00C04F79EFBC}") = "Partial Planner.CSharp.Editor", "Partial Planner.CSharp.Editor.csproj", "{FA734CE7-4DB1-0596-91B5-F19CBFAB51AD}"
EndProject
Global
	GlobalSection(SolutionConfigurationPlatforms) = preSolution
		Debug|Any CPU = Debug|Any CPU
		Release|Any CPU = Release|Any CPU
	EndGlobalSection
	GlobalSection(ProjectConfigurationPlatforms) = postSolution
		{239DB5F4-5F13-CBF7-320E-752518AD25AF}.Debug|Any CPU.ActiveCfg = Debug|Any CPU
		{239DB5F4-5F13-CBF7-320E-752518AD25AF}.Debug|Any CPU.Build.0 = Debug|Any CPU
		{239DB5F4-5F13-CBF7-320E-752518AD25AF}.Release|Any CPU.ActiveCfg = Release|Any CPU
		{239DB5F4-5F13-CBF7-320E-752518AD25AF}.Release|Any CPU.Build.0 = Release|Any CPU
		{FA734CE7-4DB1-0596-91B5-F19CBFAB51AD}.Debug|Any CPU.ActiveCfg = Debug|Any CPU
		{FA734CE7-4DB1-0596-91B5-F19CBFAB51AD}.Debug|Any CPU.Build.0 = Debug|Any CPU
		{FA734CE7-4DB1-0596-91B5-F19CBFAB51AD}.Release|Any CPU.ActiveCfg = Release|Any CPU
		{FA734CE7-4DB1-0596-91B5-F19CBFAB51AD}.Release|Any CPU.Build.0 = Release|Any CPU
	EndGlobalSection
	GlobalSection(SolutionProperties) = preSolution
		HideSolutionNode = FALSE
	EndGlobalSection
EndGlobal
